
Microsoft Visual Studio Solution File, Format Version 12.00
# Visual Studio 15
VisualStudioVersion = 15.0.28307.489
MinimumVisualStudioVersion = 10.0.40219.1
Project("{FAE04EC0-301F-11D3-BF4B-00C04F79EFBC}") = "TesterApp", "TesterApp\TesterApp.csproj", "{7E3312F9-ACBF-499F-B13F-88BB8214E2CE}"
EndProject
Project("{FAE04EC0-301F-11D3-BF4B-00C04F79EFBC}") = "ContributorsLib", "ContributorsLib\ContributorsLib.csproj", "{F637C4B1-736D-4940-9145-6057C977B626}"
EndProject
Project("{00D1A9C2-B5F0-4AF3-8072-F6C62B433612}") = "TestDBSource", "TestDBSource\TestDBSource.sqlproj", "{C8DC8235-7B2A-410C-BC97-DFCADEE4D4E0}"
EndProject
Project("{00D1A9C2-B5F0-4AF3-8072-F6C62B433612}") = "TestDBTarget", "TestDBTarget\TestDBTarget.sqlproj", "{F1D9E4C9-C6A8-4B4B-B792-ED08944F4730}"
EndProject
Global
	GlobalSection(SolutionConfigurationPlatforms) = preSolution
		Debug|Any CPU = Debug|Any CPU
		Release|Any CPU = Release|Any CPU
	EndGlobalSection
	GlobalSection(ProjectConfigurationPlatforms) = postSolution
		{7E3312F9-ACBF-499F-B13F-88BB8214E2CE}.Debug|Any CPU.ActiveCfg = Debug|Any CPU
		{7E3312F9-ACBF-499F-B13F-88BB8214E2CE}.Debug|Any CPU.Build.0 = Debug|Any CPU
		{7E3312F9-ACBF-499F-B13F-88BB8214E2CE}.Release|Any CPU.ActiveCfg = Release|Any CPU
		{7E3312F9-ACBF-499F-B13F-88BB8214E2CE}.Release|Any CPU.Build.0 = Release|Any CPU
		{F637C4B1-736D-4940-9145-6057C977B626}.Debug|Any CPU.ActiveCfg = Debug|Any CPU
		{F637C4B1-736D-4940-9145-6057C977B626}.Debug|Any CPU.Build.0 = Debug|Any CPU
		{F637C4B1-736D-4940-9145-6057C977B626}.Release|Any CPU.ActiveCfg = Release|Any CPU
		{F637C4B1-736D-4940-9145-6057C977B626}.Release|Any CPU.Build.0 = Release|Any CPU
		{C8DC8235-7B2A-410C-BC97-DFCADEE4D4E0}.Debug|Any CPU.ActiveCfg = Debug|Any CPU
		{C8DC8235-7B2A-410C-BC97-DFCADEE4D4E0}.Debug|Any CPU.Build.0 = Debug|Any CPU
		{C8DC8235-7B2A-410C-BC97-DFCADEE4D4E0}.Debug|Any CPU.Deploy.0 = Debug|Any CPU
		{C8DC8235-7B2A-410C-BC97-DFCADEE4D4E0}.Release|Any CPU.ActiveCfg = Release|Any CPU
		{C8DC8235-7B2A-410C-BC97-DFCADEE4D4E0}.Release|Any CPU.Build.0 = Release|Any CPU
		{C8DC8235-7B2A-410C-BC97-DFCADEE4D4E0}.Release|Any CPU.Deploy.0 = Release|Any CPU
		{F1D9E4C9-C6A8-4B4B-B792-ED08944F4730}.Debug|Any CPU.ActiveCfg = Debug|Any CPU
		{F1D9E4C9-C6A8-4B4B-B792-ED08944F4730}.Debug|Any CPU.Build.0 = Debug|Any CPU
		{F1D9E4C9-C6A8-4B4B-B792-ED08944F4730}.Debug|Any CPU.Deploy.0 = Debug|Any CPU
		{F1D9E4C9-C6A8-4B4B-B792-ED08944F4730}.Release|Any CPU.ActiveCfg = Release|Any CPU
		{F1D9E4C9-C6A8-4B4B-B792-ED08944F4730}.Release|Any CPU.Build.0 = Release|Any CPU
		{F1D9E4C9-C6A8-4B4B-B792-ED08944F4730}.Release|Any CPU.Deploy.0 = Release|Any CPU
	EndGlobalSection
	GlobalSection(SolutionProperties) = preSolution
		HideSolutionNode = FALSE
	EndGlobalSection
	GlobalSection(ExtensibilityGlobals) = postSolution
		SolutionGuid = {8242BBE3-1A7A-442B-9BC3-03D32D0582CB}
	EndGlobalSection
EndGlobal
